# This file is automatically @generated by Cargo.
# It is not intended for manual editing.
version = 3

[[package]]
name = "day_12"
version = "0.1.0"
dependencies = [
 "grid",
]

[[package]]
name = "grid"
version = "0.9.0"
source = "registry+https://github.com/rust-lang/crates.io-index"
checksum = "0634107a3a005070dd73e27e74ecb691a94e9e5ba7829f434db7fbf73a6b5c47"
dependencies = [
 "no-std-compat",
]

[[package]]
name = "no-std-compat"
version = "0.4.1"
source = "registry+https://github.com/rust-lang/crates.io-index"
checksum = "b93853da6d84c2e3c7d730d6473e8817692dd89be387eb01b94d7f108ecb5b8c"
